
Microsoft Visual Studio Solution File, Format Version 12.00
# Visual Studio Version 17
VisualStudioVersion = 17.3.32819.101
MinimumVisualStudioVersion = 10.0.40219.1
Project("{FAE04EC0-301F-11D3-BF4B-00C04F79EFBC}") = "Conditional Statements Assignment", "Conditional Statements Assignment.csproj", "{AB0F857C-3455-4F5B-8B5A-16B0F2819B42}"
EndProject
Global
	GlobalSection(SolutionConfigurationPlatforms) = preSolution
		Debug|Any CPU = Debug|Any CPU
		Release|Any CPU = Release|Any CPU
	EndGlobalSection
	GlobalSection(ProjectConfigurationPlatforms) = postSolution
		{AB0F857C-3455-4F5B-8B5A-16B0F2819B42}.Debug|Any CPU.ActiveCfg = Debug|Any CPU
		{AB0F857C-3455-4F5B-8B5A-16B0F2819B42}.Debug|Any CPU.Build.0 = Debug|Any CPU
		{AB0F857C-3455-4F5B-8B5A-16B0F2819B42}.Release|Any CPU.ActiveCfg = Release|Any CPU
		{AB0F857C-3455-4F5B-8B5A-16B0F2819B42}.Release|Any CPU.Build.0 = Release|Any CPU
	EndGlobalSection
	GlobalSection(SolutionProperties) = preSolution
		HideSolutionNode = FALSE
	EndGlobalSection
	GlobalSection(ExtensibilityGlobals) = postSolution
		SolutionGuid = {21715E3F-61A8-4FA5-9E00-D4D30EBC66BE}
	EndGlobalSection
EndGlobal
